# Nevada XT2613-1 kernel baseline
DEVICE=nevada
CODENAME=utah
FIRMWARE=W1WNS36.18-114-1
ACK_TAG=android13-5.15-2025-05_r14
ACK_COMMIT=9b2308ac0ad616788fb57ba688aa07f0ff221355
KERNEL_VERSION=5.15.180
GKI_BUILD_ID=14563692
STOCK_IMAGE_SHA256=58af5a627c5ade83fb0eca1cfc8da502fd2c07bcce162f3dfdd006a8102d27de
STOCK_CONFIG_SHA256=e3cdaf997a7e2eb70e441944bdfd9af359aa82e8a2d5cb9534d2bce5fcd4a78a
KSUN_TAG=v3.3.0
SUSFS_BRANCH=gki-android13-5.15
